qS\aaaaa
Microsoft Visual Studio Solution File, Format Version 12.00
# Visual Studio 15
VisualStudioVersion = 15.0.28307.271
MinimumVisualStudioVersion = 10.0.40219.1
Project("{FAE04EC0-301F-11D3-BF4B-00C04F79EFBC}") = "AppRecipeS.Android", "AppRecipeS\AppRecipeS.Android\AppRecipeS.Android.csproj", "{8ED0E79A-F37C-4411-88F6-F40507128D66}"
EndProject
Project("{FAE04EC0-301F-11D3-BF4B-00C04F79EFBC}") = "AppRecipeS.iOS", "AppRecipeS\AppRecipeS.iOS\AppRecipeS.iOS.csproj", "{5F466AE4-10F2-4894-8A7B-20ED37585CE2}"
EndProject
Project("{FAE04EC0-301F-11D3-BF4B-00C04F79EFBC}") = "AppRecipeS", "AppRecipeS\AppRecipeS\AppRecipeS.csproj", "{45FA8CBA-B76A-447F-B96D-6FCDAA2582BA}"
EndProject
Project("{9344BDBB-3E7F-41FC-A0DD-8665D75EE146}") = "AppRecipeS.UWP", "AppRecipeS\AppRecipeS.UWP\AppRecipeS.UWP.csproj", "{1F4E317D-B27D-42AD-8853-E8E07B2680AE}"
EndProject
Global
	GlobalSection(SolutionConfigurationPlatforms) = preSolution
		Ad-Hoc|Any CPU = Ad-Hoc|Any CPU
		Ad-Hoc|ARM = Ad-Hoc|ARM
		Ad-Hoc|iPhone = Ad-Hoc|iPhone
		Ad-Hoc|iPhoneSimulator = Ad-Hoc|iPhoneSimulator
		Ad-Hoc|x64 = Ad-Hoc|x64
		Ad-Hoc|x86 = Ad-Hoc|x86
		AppStore|Any CPU = AppStore|Any CPU
		AppStore|ARM = AppStore|ARM
		AppStore|iPhone = AppStore|iPhone
		AppStore|iPhoneSimulator = AppStore|iPhoneSimulator
		AppStore|x64 = AppStore|x64
		AppStore|x86 = AppStore|x86
		Debug|Any CPU = Debug|Any CPU
		Debug|ARM = Debug|ARM
		Debug|iPhone = Debug|iPhone
		Debug|iPhoneSimulator = Debug|iPhoneSimulator
		Debug|x64 = Debug|x64
		Debug|x86 = Debug|x86
		Release|Any CPU = Release|Any CPU
		Release|ARM = Release|ARM
		Release|iPhone = Release|iPhone
		Release|iPhoneSimulator = Release|iPhoneSimulator
		Release|x64 = Release|x64
		Release|x86 = Release|x86
	EndGlobalSection
	GlobalSection(ProjectConfigurationPlatforms) = postSolution
		{8ED0E79A-F37C-4411-88F6-F40507128D66}.Ad-Hoc|Any CPU.ActiveCfg = Release|Any CPU
		{8ED0E79A-F37C-4411-88F6-F40507128D66}.Ad-Hoc|Any CPU.Build.0 = Release|Any CPU
		{8ED0E79A-F37C-4411-88F6-F40507128D66}.Ad-Hoc|Any CPU.Deploy.0 = Release|Any CPU
		{8ED0E79A-F37C-4411-88F6-F40507128D66}.Ad-Hoc|ARM.ActiveCfg = Release|Any CPU
		{8ED0E79A-F37C-4411-88F6-F40507128D66}.Ad-Hoc|ARM.Build.0 = Release|Any CPU
		{8ED0E79A-F37C-4411-88F6-F40507128D66}.Ad-Hoc|ARM.Deploy.0 = Release|Any CPU
		{8ED0E79A-F37C-4411-88F6-F40507128D66}.Ad-Hoc|iPhone.ActiveCfg = Release|Any CPU
		{8ED0E79A-F37C-4411-88F6-F40507128D66}.Ad-Hoc|iPhone.Build.0 = Release|Any CPU
		{8ED0E79A-F37C-4411-88F6-F40507128D66}.Ad-Hoc|iPhone.Deploy.0 = Release|Any CPU
		{8ED0E79A-F37C-4411-88F6-F40507128D66}.Ad-Hoc|iPhoneSimulator.ActiveCfg = Release|Any CPU
		{8ED0E79A-F37C-4411-88F6-F40507128D66}.Ad-Hoc|iPhoneSimulator.Build.0 = Release|Any CPU
		{8ED0E79A-F37C-4411-88F6-F40507128D66}.Ad-Hoc|iPhoneSimulator.Deploy.0 = Release|Any CPU
		{8ED0E79A-F37C-4411-88F6-F40507128D66}.Ad-Hoc|x64.ActiveCfg = Release|Any CPU
		{8ED0E79A-F37C-4411-88F6-F40507128D66}.Ad-Hoc|x64.Build.0 = Release|Any CPU
		{8ED0E79A-F37C-4411-88F6-F40507128D66}.Ad-Hoc|x64.Deploy.0 = Release|Any CPU
		{8ED0E79A-F37C-4411-88F6-F40507128D66}.Ad-Hoc|x86.ActiveCfg = Release|Any CPU
		{8ED0E79A-F37C-4411-88F6-F40507128D66}.Ad-Hoc|x86.Build.0 = Release|Any CPU
		{8ED0E79A-F37C-4411-88F6-F40507128D66}.Ad-Hoc|x86.Deploy.0 = Release|Any CPU
		{8ED0E79A-F37C-4411-88F6-F40507128D66}.AppStore|Any CPU.ActiveCfg = Release|Any CPU
		{8ED0E79A-F37C-4411-88F6-F40507128D66}.AppStore|Any CPU.Build.0 = Release|Any CPU
		{8ED0E79A-F37C-4411-88F6-F40507128D66}.AppStore|Any CPU.Deploy.0 = Release|Any CPU
		{8ED0E79A-F37C-4411-88F6-F40507128D66}.AppStore|ARM.ActiveCfg = Release|Any CPU
		{8ED0E79A-F37C-4411-88F6-F40507128D66}.AppStore|ARM.Build.0 = Release|Any CPU
		{8ED0E79A-F37C-4411-88F6-F40507128D66}.AppStore|ARM.Deploy.0 = Release|Any CPU
		{8ED0E79A-F37C-4411-88F6-F40507128D66}.AppStore|iPhone.ActiveCfg = Release|Any CPU
		{8ED0E79A-F37C-4411-88F6-F40507128D66}.AppStore|iPhone.Build.0 = Release|Any CPU
		{8ED0E79A-F37C-4411-88F6-F40507128D66}.AppStore|iPhone.Deploy.0 = Release|Any CPU
		{8ED0E79A-F37C-4411-88F6-F40507128D66}.AppStore|iPhoneSimulator.ActiveCfg = Release|Any CPU
		{8ED0E79A-F37C-4411-88F6-F40507128D66}.AppStore|iPhoneSimulator.Build.0 = Release|Any CPU
		{8ED0E79A-F37C-4411-88F6-F40507128D66}.AppStore|iPhoneSimulator.Deploy.0 = Release|Any CPU
		{8ED0E79A-F37C-4411-88F6-F40507128D66}.AppStore|x64.ActiveCfg = Release|Any CPU
		{8ED0E79A-F37C-4411-88F6-F40507128D66}.AppStore|x64.Build.0 = Release|Any CPU
		{8ED0E79A-F37C-4411-88F6-F40507128D66}.AppStore|x64.Deploy.0 = Release|Any CPU
		{8ED0E79A-F37C-4411-88F6-F40507128D66}.AppStore|x86.ActiveCfg = Release|Any CPU
		{8ED0E79A-F37C-4411-88F6-F40507128D66}.AppStore|x86.Build.0 = Release|Any CPU
		{8ED0E79A-F37C-4411-88F6-F40507128D66}.AppStore|x86.Deploy.0 = Release|Any CPU
		{8ED0E79A-F37C-4411-88F6-F40507128D66}.Debug|Any CPU.ActiveCfg = Debug|Any CPU
		{8ED0E79A-F37C-4411-88F6-F40507128D66}.Debug|Any CPU.Build.0 = Debug|Any CPU
		{8ED0E79A-F37C-4411-88F6-F40507128D66}.Debug|Any CPU.Deploy.0 = Debug|Any CPU
		{8ED0E79A-F37C-4411-88F6-F40507128D66}.Debug|ARM.ActiveCfg = Debug|Any CPU
		{8ED0E79A-F37C-4411-88F6-F40507128D66}.Debug|ARM.Build.0 = Debug|Any CPU
		{8ED0E79A-F37C-4411-88F6-F40507128D66}.Debug|ARM.Deploy.0 = Debug|Any CPU
		{8ED0E79A-F37C-4411-88F6-F40507128D66}.Debug|iPhone.ActiveCfg = Debug|Any CPU
		{8ED0E79A-F37C-4411-88F6-F40507128D66}.Debug|iPhone.Build.0 = Debug|Any CPU
		{8ED0E79A-F37C-4411-88F6-F40507128D66}.Debug|iPhone.Deploy.0 = Debug|Any CPU
		{8ED0E79A-F37C-4411-88F6-F40507128D66}.Debug|iPhoneSimulator.ActiveCfg = Debug|Any CPU
		{8ED0E79A-F37C-4411-88F6-F40507128D66}.Debug|iPhoneSimulator.Build.0 = Debug|Any CPU
		{8ED0E79A-F37C-4411-88F6-F40507128D66}.Debug|iPhoneSimulator.Deploy.0 = Debug|Any CPU
		{8ED0E79A-F37C-4411-88F6-F40507128D66}.Debug|x64.ActiveCfg = Debug|Any CPU
		{8ED0E79A-F37C-4411-88F6-F40507128D66}.Debug|x64.Build.0 = Debug|Any CPU
		{8ED0E79A-F37C-4411-88F6-F40507128D66}.Debug|x64.Deploy.0 = Debug|Any CPU
		{8ED0E79A-F37C-4411-88F6-F40507128D66}.Debug|x86.ActiveCfg = Debug|Any CPU
		{8ED0E79A-F37C-4411-88F6-F40507128D66}.Debug|x86.Build.0 = Debug|Any CPU
		{8ED0E79A-F37C-4411-88F6-F40507128D66}.Debug|x86.Deploy.0 = Debug|Any CPU
		{8ED0E79A-F37C-4411-88F6-F40507128D66}.Release|Any CPU.ActiveCfg = Release|Any CPU
		{8ED0E79A-F37C-4411-88F6-F40507128D66}.Release|Any CPU.Build.0 = Release|Any CPU
		{8ED0E79A-F37C-4411-88F6-F40507128D66}.Release|Any CPU.Deploy.0 = Release|Any CPU
		{8ED0E79A-F37C-4411-88F6-F40507128D66}.Release|ARM.ActiveCfg = Release|Any CPU
		{8ED0E79A-F37C-4411-88F6-F40507128D66}.Release|ARM.Build.0 = Release|Any CPU
		{8ED0E79A-F37C-4411-88F6-F40507128D66}.Release|ARM.Deploy.0 = Release|Any CPU
		{8ED0E79A-F37C-4411-88F6-F40507128D66}.Release|iPhone.ActiveCfg = Release|Any CPU
		{8ED0E79A-F37C-4411-88F6-F40507128D66}.Release|iPhone.Build.0 = Release|Any CPU
		{8ED0E79A-F37C-4411-88F6-F40507128D66}.Release|iPhone.Deploy.0 = Release|Any CPU
		{8ED0E79A-F37C-4411-88F6-F40507128D66}.Release|iPhoneSimulator.ActiveCfg = Release|Any CPU
		{8ED0E79A-F37C-4411-88F6-F40507128D66}.Release|iPhoneSimulator.Build.0 = Release|Any CPU
		{8ED0E79A-F37C-4411-88F6-F40507128D66}.Release|iPhoneSimulator.Deploy.0 = Release|Any CPU
		{8ED0E79A-F37C-4411-88F6-F40507128D66}.Release|x64.ActiveCfg = Release|Any CPU
		{8ED0E79A-F37C-4411-88F6-F40507128D66}.Release|x64.Build.0 = Release|Any CPU
		{8ED0E79A-F37C-4411-88F6-F40507128D66}.Release|x64.Deploy.0 = Release|Any CPU
		{8ED0E79A-F37C-4411-88F6-F40507128D66}.Release|x86.ActiveCfg = Release|Any CPU
		{8ED0E79A-F37C-4411-88F6-F40507128D66}.Release|x86.Build.0 = Release|Any CPU
		{8ED0E79A-F37C-4411-88F6-F40507128D66}.Release|x86.Deploy.0 = Release|Any CPU
		{5F466AE4-10F2-4894-8A7B-20ED37585CE2}.Ad-Hoc|Any CPU.ActiveCfg = Ad-Hoc|iPhone
		{5F466AE4-10F2-4894-8A7B-20ED37585CE2}.Ad-Hoc|Any CPU.Build.0 = Ad-Hoc|iPhone
		{5F466AE4-10F2-4894-8A7B-20ED37585CE2}.Ad-Hoc|Any CPU.Deploy.0 = Ad-Hoc|iPhone
		{5F466AE4-10F2-4894-8A7B-20ED37585CE2}.Ad-Hoc|ARM.ActiveCfg = Ad-Hoc|iPhone
		{5F466AE4-10F2-4894-8A7B-20ED37585CE2}.Ad-Hoc|ARM.Build.0 = Ad-Hoc|iPhone
		{5F466AE4-10F2-4894-8A7B-20ED37585CE2}.Ad-Hoc|ARM.Deploy.0 = Ad-Hoc|iPhone
		{5F466AE4-10F2-4894-8A7B-20ED37585CE2}.Ad-Hoc|iPhone.ActiveCfg = Ad-Hoc|iPhone
		{5F466AE4-10F2-4894-8A7B-20ED37585CE2}.Ad-Hoc|iPhone.Build.0 = Ad-Hoc|iPhone
		{5F466AE4-10F2-4894-8A7B-20ED37585CE2}.Ad-Hoc|iPhone.Deploy.0 = Ad-Hoc|iPhone
		{5F466AE4-10F2-4894-8A7B-20ED37585CE2}.Ad-Hoc|iPhoneSimulator.ActiveCfg = Ad-Hoc|iPhoneSimulator
		{5F466AE4-10F2-4894-8A7B-20ED37585CE2}.Ad-Hoc|iPhoneSimulator.Build.0 = Ad-Hoc|iPhoneSimulator
		{5F466AE4-10F2-4894-8A7B-20ED37585CE2}.Ad-Hoc|iPhoneSimulator.Deploy.0 = Ad-Hoc|iPhoneSimulator
		{5F466AE4-10F2-4894-8A7B-20ED37585CE2}.Ad-Hoc|x64.ActiveCfg = Ad-Hoc|iPhone
		{5F466AE4-10F2-4894-8A7B-20ED37585CE2}.Ad-Hoc|x64.Build.0 = Ad-Hoc|iPhone
		{5F466AE4-10F2-4894-8A7B-20ED37585CE2}.Ad-Hoc|x64.Deploy.0 = Ad-Hoc|iPhone
		{5F466AE4-10F2-4894-8A7B-20ED37585CE2}.Ad-Hoc|x86.ActiveCfg = Ad-Hoc|iPhone
		{5F466AE4-10F2-4894-8A7B-20ED37585CE2}.Ad-Hoc|x86.Build.0 = Ad-Hoc|iPhone
		{5F466AE4-10F2-4894-8A7B-20ED37585CE2}.Ad-Hoc|x86.Deploy.0 = Ad-Hoc|iPhone
		{5F466AE4-10F2-4894-8A7B-20ED37585CE2}.AppStore|Any CPU.ActiveCfg = AppStore|iPhone
		{5F466AE4-10F2-4894-8A7B-20ED37585CE2}.AppStore|Any CPU.Build.0 = AppStore|iPhone
		{5F466AE4-10F2-4894-8A7B-20ED37585CE2}.AppStore|Any CPU.Deploy.0 = AppStore|iPhone
		{5F466AE4-10F2-4894-8A7B-20ED37585CE2}.AppStore|ARM.ActiveCfg = AppStore|iPhone
		{5F466AE4-10F2-4894-8A7B-20ED37585CE2}.AppStore|ARM.Build.0 = AppStore|iPhone
		{5F466AE4-10F2-4894-8A7B-20ED37585CE2}.AppStore|ARM.Deploy.0 = AppStore|iPhone
		{5F466AE4-10F2-4894-8A7B-20ED37585CE2}.AppStore|iPhone.ActiveCfg = AppStore|iPhone
		{5F466AE4-10F2-4894-8A7B-20ED37585CE2}.AppStore|iPhone.Build.0 = AppStore|iPhone
		{5F466AE4-10F2-4894-8A7B-20ED37585CE2}.AppStore|iPhone.Deploy.0 = AppStore|iPhone
		{5F466AE4-10F2-4894-8A7B-20ED37585CE2}.AppStore|iPhoneSimulator.ActiveCfg = AppStore|iPhoneSimulator
		{5F466AE4-10F2-4894-8A7B-20ED37585CE2}.AppStore|iPhoneSimulator.Build.0 = AppStore|iPhoneSimulator
		{5F466AE4-10F2-4894-8A7B-20ED37585CE2}.AppStore|iPhoneSimulator.Deploy.0 = AppStore|iPhoneSimulator
		{5F466AE4-10F2-4894-8A7B-20ED37585CE2}.AppStore|x64.ActiveCfg = AppStore|iPhone
		{5F466AE4-10F2-4894-8A7B-20ED37585CE2}.AppStore|x64.Build.0 = AppStore|iPhone
		{5F466AE4-10F2-4894-8A7B-20ED37585CE2}.AppStore|x64.Deploy.0 = AppStore|iPhone
		{5F466AE4-10F2-4894-8A7B-20ED37585CE2}.AppStore|x86.ActiveCfg = AppStore|iPhone
		{5F466AE4-10F2-4894-8A7B-20ED37585CE2}.AppStore|x86.Build.0 = AppStore|iPhone
		{5F466AE4-10F2-4894-8A7B-20ED37585CE2}.AppStore|x86.Deploy.0 = AppStore|iPhone
		{5F466AE4-10F2-4894-8A7B-20ED37585CE2}.Debug|Any CPU.ActiveCfg = Debug|iPhoneSimulator
		{5F466AE4-10F2-4894-8A7B-20ED37585CE2}.Debug|Any CPU.Build.0 = Debug|iPhoneSimulator
		{5F466AE4-10F2-4894-8A7B-20ED37585CE2}.Debug|Any CPU.Deploy.0 = Debug|iPhoneSimulator
		{5F466AE4-10F2-4894-8A7B-20ED37585CE2}.Debug|ARM.ActiveCfg = Debug|iPhone
		{5F466AE4-10F2-4894-8A7B-20ED37585CE2}.Debug|ARM.Build.0 = Debug|iPhone
		{5F466AE4-10F2-4894-8A7B-20ED37585CE2}.Debug|ARM.Deploy.0 = Debug|iPhone
		{5F466AE4-10F2-4894-8A7B-20ED37585CE2}.Debug|iPhone.ActiveCfg = Debug|iPhone
		{5F466AE4-10F2-4894-8A7B-20ED37585CE2}.Debug|iPhone.Build.0 = Debug|iPhone
		{5F466AE4-10F2-4894-8A7B-20ED37585CE2}.Debug|iPhone.Deploy.0 = Debug|iPhone
		{5F466AE4-10F2-4894-8A7B-20ED37585CE2}.Debug|iPhoneSimulator.ActiveCfg = Debug|iPhoneSimulator
		{5F466AE4-10F2-4894-8A7B-20ED37585CE2}.Debug|iPhoneSimulator.Build.0 = Debug|iPhoneSimulator
		{5F466AE4-10F2-4894-8A7B-20ED37585CE2}.Debug|iPhoneSimulator.Deploy.0 = Debug|iPhoneSimulator
		{5F466AE4-10F2-4894-8A7B-20ED37585CE2}.Debug|x64.ActiveCfg = Debug|iPhone
		{5F466AE4-10F2-4894-8A7B-20ED37585CE2}.Debug|x64.Build.0 = Debug|iPhone
		{5F466AE4-10F2-4894-8A7B-20ED37585CE2}.Debug|x64.Deploy.0 = Debug|iPhone
		{5F466AE4-10F2-4894-8A7B-20ED37585CE2}.Debug|x86.ActiveCfg = Debug|iPhone
		{5F466AE4-10F2-4894-8A7B-20ED37585CE2}.Debug|x86.Build.0 = Debug|iPhone
		{5F466AE4-10F2-4894-8A7B-20ED37585CE2}.Debug|x86.Deploy.0 = Debug|iPhone
		{5F466AE4-10F2-4894-8A7B-20ED37585CE2}.Release|Any CPU.ActiveCfg = Release|iPhone
		{5F466AE4-10F2-4894-8A7B-20ED37585CE2}.Release|Any CPU.Build.0 = Release|iPhone
		{5F466AE4-10F2-4894-8A7B-20ED37585CE2}.Release|Any CPU.Deploy.0 = Release|iPhone
		{5F466AE4-10F2-4894-8A7B-20ED37585CE2}.Release|ARM.ActiveCfg = Release|iPhone
		{5F466AE4-10F2-4894-8A7B-20ED37585CE2}.Release|ARM.Build.0 = Release|iPhone
		{5F466AE4-10F2-4894-8A7B-20ED37585CE2}.Release|ARM.Deploy.0 = Release|iPhone
		{5F466AE4-10F2-4894-8A7B-20ED37585CE2}.Release|iPhone.ActiveCfg = Release|iPhone
		{5F466AE4-10F2-4894-8A7B-20ED37585CE2}.Release|iPhone.Build.0 = Release|iPhone
		{5F466AE4-10F2-4894-8A7B-20ED37585CE2}.Release|iPhone.Deploy.0 = Release|iPhone
		{5F466AE4-10F2-4894-8A7B-20ED37585CE2}.Release|iPhoneSimulator.ActiveCfg = Release|iPhoneSimulator
		{5F466AE4-10F2-4894-8A7B-20ED37585CE2}.Release|iPhoneSimulator.Build.0 = Release|iPhoneSimulator
		{5F466AE4-10F2-4894-8A7B-20ED37585CE2}.Release|iPhoneSimulator.Deploy.0 = Release|iPhoneSimulator
		{5F466AE4-10F2-4894-8A7B-20ED37585CE2}.Release|x64.ActiveCfg = Release|iPhone
		{5F466AE4-10F2-4894-8A7B-20ED37585CE2}.Release|x64.Build.0 = Release|iPhone
		{5F466AE4-10F2-4894-8A7B-20ED37585CE2}.Release|x64.Deploy.0 = Release|iPhone
		{5F466AE4-10F2-4894-8A7B-20ED37585CE2}.Release|x86.ActiveCfg = Release|iPhone
		{5F466AE4-10F2-4894-8A7B-20ED37585CE2}.Release|x86.Build.0 = Release|iPhone
		{5F466AE4-10F2-4894-8A7B-20ED37585CE2}.Release|x86.Deploy.0 = Release|iPhone
		{45FA8CBA-B76A-447F-B96D-6FCDAA2582BA}.Ad-Hoc|Any CPU.ActiveCfg = Debug|Any CPU
		{45FA8CBA-B76A-447F-B96D-6FCDAA2582BA}.Ad-Hoc|Any CPU.Build.0 = Debug|Any CPU
		{45FA8CBA-B76A-447F-B96D-6FCDAA2582BA}.Ad-Hoc|Any CPU.Deploy.0 = Debug|Any CPU
		{45FA8CBA-B76A-447F-B96D-6FCDAA2582BA}.Ad-Hoc|ARM.ActiveCfg = Debug|Any CPU
		{45FA8CBA-B76A-447F-B96D-6FCDAA2582BA}.Ad-Hoc|ARM.Build.0 = Debug|Any CPU
		{45FA8CBA-B76A-447F-B96D-6FCDAA2582BA}.Ad-Hoc|ARM.Deploy.0 = Debug|Any CPU
		{45FA8CBA-B76A-447F-B96D-6FCDAA2582BA}.Ad-Hoc|iPhone.ActiveCfg = Debug|Any CPU
		{45FA8CBA-B76A-447F-B96D-6FCDAA2582BA}.Ad-Hoc|iPhone.Build.0 = Debug|Any CPU
		{45FA8CBA-B76A-447F-B96D-6FCDAA2582BA}.Ad-Hoc|iPhone.Deploy.0 = Debug|Any CPU
		{45FA8CBA-B76A-447F-B96D-6FCDAA2582BA}.Ad-Hoc|iPhoneSimulator.ActiveCfg = Debug|Any CPU
		{45FA8CBA-B76A-447F-B96D-6FCDAA2582BA}.Ad-Hoc|iPhoneSimulator.Build.0 = Debug|Any CPU
		{45FA8CBA-B76A-447F-B96D-6FCDAA2582BA}.Ad-Hoc|iPhoneSimulator.Deploy.0 = Debug|Any CPU
		{45FA8CBA-B76A-447F-B96D-6FCDAA2582BA}.Ad-Hoc|x64.ActiveCfg = Debug|Any CPU
		{45FA8CBA-B76A-447F-B96D-6FCDAA2582BA}.Ad-Hoc|x64.Build.0 = Debug|Any CPU
		{45FA8CBA-B76A-447F-B96D-6FCDAA2582BA}.Ad-Hoc|x64.Deploy.0 = Debug|Any CPU
		{45FA8CBA-B76A-447F-B96D-6FCDAA2582BA}.Ad-Hoc|x86.ActiveCfg = Debug|Any CPU
		{45FA8CBA-B76A-447F-B96D-6FCDAA2582BA}.Ad-Hoc|x86.Build.0 = Debug|Any CPU
		{45FA8CBA-B76A-447F-B96D-6FCDAA2582BA}.Ad-Hoc|x86.Deploy.0 = Debug|Any CPU
		{45FA8CBA-B76A-447F-B96D-6FCDAA2582BA}.AppStore|Any CPU.ActiveCfg = Debug|Any CPU
		{45FA8CBA-B76A-447F-B96D-6FCDAA2582BA}.AppStore|Any CPU.Build.0 = Debug|Any CPU
		{45FA8CBA-B76A-447F-B96D-6FCDAA2582BA}.AppStore|Any CPU.Deploy.0 = Debug|Any CPU
		{45FA8CBA-B76A-447F-B96D-6FCDAA2582BA}.AppStore|ARM.ActiveCfg = Debug|Any CPU
		{45FA8CBA-B76A-447F-B96D-6FCDAA2582BA}.AppStore|ARM.Build.0 = Debug|Any CPU
		{45FA8CBA-B76A-447F-B96D-6FCDAA2582BA}.AppStore|ARM.Deploy.0 = Debug|Any CPU
		{45FA8CBA-B76A-447F-B96D-6FCDAA2582BA}.AppStore|iPhone.ActiveCfg = Debug|Any CPU
		{45FA8CBA-B76A-447F-B96D-6FCDAA2582BA}.AppStore|iPhone.Build.0 = Debug|Any CPU
		{45FA8CBA-B76A-447F-B96D-6FCDAA2582BA}.AppStore|iPhone.Deploy.0 = Debug|Any CPU
		{45FA8CBA-B76A-447F-B96D-6FCDAA2582BA}.AppStore|iPhoneSimulator.ActiveCfg = Debug|Any CPU
		{45FA8CBA-B76A-447F-B96D-6FCDAA2582BA}.AppStore|iPhoneSimulator.Build.0 = Debug|Any CPU
		{45FA8CBA-B76A-447F-B96D-6FCDAA2582BA}.AppStore|iPhoneSimulator.Deploy.0 = Debug|Any CPU
		{45FA8CBA-B76A-447F-B96D-6FCDAA2582BA}.AppStore|x64.ActiveCfg = Debug|Any CPU
		{45FA8CBA-B76A-447F-B96D-6FCDAA2582BA}.AppStore|x64.Build.0 = Debug|Any CPU
		{45FA8CBA-B76A-447F-B96D-6FCDAA2582BA}.AppStore|x64.Deploy.0 = Debug|Any CPU
		{45FA8CBA-B76A-447F-B96D-6FCDAA2582BA}.AppStore|x86.ActiveCfg = Debug|Any CPU
		{45FA8CBA-B76A-447F-B96D-6FCDAA2582BA}.AppStore|x86.Build.0 = Debug|Any CPU
		{45FA8CBA-B76A-447F-B96D-6FCDAA2582BA}.AppStore|x86.Deploy.0 = Debug|Any CPU
		{45FA8CBA-B76A-447F-B96D-6FCDAA2582BA}.Debug|Any CPU.ActiveCfg = Debug|Any CPU
		{45FA8CBA-B76A-447F-B96D-6FCDAA2582BA}.Debug|Any CPU.Build.0 = Debug|Any CPU
		{45FA8CBA-B76A-447F-B96D-6FCDAA2582BA}.Debug|Any CPU.Deploy.0 = Debug|Any CPU
		{45FA8CBA-B76A-447F-B96D-6FCDAA2582BA}.Debug|ARM.ActiveCfg = Debug|Any CPU
		{45FA8CBA-B76A-447F-B96D-6FCDAA2582BA}.Debug|ARM.Build.0 = Debug|Any CPU
		{45FA8CBA-B76A-447F-B96D-6FCDAA2582BA}.Debug|ARM.Deploy.0 = Debug|Any CPU
		{45FA8CBA-B76A-447F-B96D-6FCDAA2582BA}.Debug|iPhone.ActiveCfg = Debug|Any CPU
		{45FA8CBA-B76A-447F-B96D-6FCDAA2582BA}.Debug|iPhone.Build.0 = Debug|Any CPU
		{45FA8CBA-B76A-447F-B96D-6FCDAA2582BA}.Debug|iPhone.Deploy.0 = Debug|Any CPU
		{45FA8CBA-B76A-447F-B96D-6FCDAA2582BA}.Debug|iPhoneSimulator.ActiveCfg = Debug|Any CPU
		{45FA8CBA-B76A-447F-B96D-6FCDAA2582BA}.Debug|iPhoneSimulator.Build.0 = Debug|Any CPU
		{45FA8CBA-B76A-447F-B96D-6FCDAA2582BA}.Debug|iPhoneSimulator.Deploy.0 = Debug|Any CPU
		{45FA8CBA-B76A-447F-B96D-6FCDAA2582BA}.Debug|x64.ActiveCfg = Debug|Any CPU
		{45FA8CBA-B76A-447F-B96D-6FCDAA2582BA}.Debug|x64.Build.0 = Debug|Any CPU
		{45FA8CBA-B76A-447F-B96D-6FCDAA2582BA}.Debug|x64.Deploy.0 = Debug|Any CPU
		{45FA8CBA-B76A-447F-B96D-6FCDAA2582BA}.Debug|x86.ActiveCfg = Debug|Any CPU
		{45FA8CBA-B76A-447F-B96D-6FCDAA2582BA}.Debug|x86.Build.0 = Debug|Any CPU
		{45FA8CBA-B76A-447F-B96D-6FCDAA2582BA}.Debug|x86.Deploy.0 = Debug|Any CPU
		{45FA8CBA-B76A-447F-B96D-6FCDAA2582BA}.Release|Any CPU.ActiveCfg = Release|Any CPU
		{45FA8CBA-B76A-447F-B96D-6FCDAA2582BA}.Release|Any CPU.Build.0 = Release|Any CPU
		{45FA8CBA-B76A-447F-B96D-6FCDAA2582BA}.Release|Any CPU.Deploy.0 = Release|Any CPU
		{45FA8CBA-B76A-447F-B96D-6FCDAA2582BA}.Release|ARM.ActiveCfg = Release|Any CPU
		{45FA8CBA-B76A-447F-B96D-6FCDAA2582BA}.Release|ARM.Build.0 = Release|Any CPU
		{45FA8CBA-B76A-447F-B96D-6FCDAA2582BA}.Release|ARM.Deploy.0 = Release|Any CPU
		{45FA8CBA-B76A-447F-B96D-6FCDAA2582BA}.Release|iPhone.ActiveCfg = Release|Any CPU
		{45FA8CBA-B76A-447F-B96D-6FCDAA2582BA}.Release|iPhone.Build.0 = Release|Any CPU
		{45FA8CBA-B76A-447F-B96D-6FCDAA2582BA}.Release|iPhone.Deploy.0 = Release|Any CPU
		{45FA8CBA-B76A-447F-B96D-6FCDAA2582BA}.Release|iPhoneSimulator.ActiveCfg = Release|Any CPU
		{45FA8CBA-B76A-447F-B96D-6FCDAA2582BA}.Release|iPhoneSimulator.Build.0 = Release|Any CPU
		{45FA8CBA-B76A-447F-B96D-6FCDAA2582BA}.Release|iPhoneSimulator.Deploy.0 = Release|Any CPU
		{45FA8CBA-B76A-447F-B96D-6FCDAA2582BA}.Release|x64.ActiveCfg = Release|Any CPU
		{45FA8CBA-B76A-447F-B96D-6FCDAA2582BA}.Release|x64.Build.0 = Release|Any CPU
		{45FA8CBA-B76A-447F-B96D-6FCDAA2582BA}.Release|x64.Deploy.0 = Release|Any CPU
		{45FA8CBA-B76A-447F-B96D-6FCDAA2582BA}.Release|x86.ActiveCfg = Release|Any CPU
		{45FA8CBA-B76A-447F-B96D-6FCDAA2582BA}.Release|x86.Build.0 = Release|Any CPU
		{45FA8CBA-B76A-447F-B96D-6FCDAA2582BA}.Release|x86.Deploy.0 = Release|Any CPU
		{1F4E317D-B27D-42AD-8853-E8E07B2680AE}.Ad-Hoc|Any CPU.ActiveCfg = Release|x86
		{1F4E317D-B27D-42AD-8853-E8E07B2680AE}.Ad-Hoc|Any CPU.Build.0 = Release|x86
		{1F4E317D-B27D-42AD-8853-E8E07B2680AE}.Ad-Hoc|Any CPU.Deploy.0 = Release|x86
		{1F4E317D-B27D-42AD-8853-E8E07B2680AE}.Ad-Hoc|ARM.ActiveCfg = Release|ARM
		{1F4E317D-B27D-42AD-8853-E8E07B2680AE}.Ad-Hoc|ARM.Build.0 = Release|ARM
		{1F4E317D-B27D-42AD-8853-E8E07B2680AE}.Ad-Hoc|ARM.Deploy.0 = Release|ARM
		{1F4E317D-B27D-42AD-8853-E8E07B2680AE}.Ad-Hoc|iPhone.ActiveCfg = Release|x86
		{1F4E317D-B27D-42AD-8853-E8E07B2680AE}.Ad-Hoc|iPhone.Build.0 = Release|x86
		{1F4E317D-B27D-42AD-8853-E8E07B2680AE}.Ad-Hoc|iPhone.Deploy.0 = Release|x86
		{1F4E317D-B27D-42AD-8853-E8E07B2680AE}.Ad-Hoc|iPhoneSimulator.ActiveCfg = Release|x86
		{1F4E317D-B27D-42AD-8853-E8E07B2680AE}.Ad-Hoc|iPhoneSimulator.Build.0 = Release|x86
		{1F4E317D-B27D-42AD-8853-E8E07B2680AE}.Ad-Hoc|iPhoneSimulator.Deploy.0 = Release|x86
		{1F4E317D-B27D-42AD-8853-E8E07B2680AE}.Ad-Hoc|x64.ActiveCfg = Release|x64
		{1F4E317D-B27D-42AD-8853-E8E07B2680AE}.Ad-Hoc|x64.Build.0 = Release|x64
		{1F4E317D-B27D-42AD-8853-E8E07B2680AE}.Ad-Hoc|x64.Deploy.0 = Release|x64
		{1F4E317D-B27D-42AD-8853-E8E07B2680AE}.Ad-Hoc|x86.ActiveCfg = Release|x86
		{1F4E317D-B27D-42AD-8853-E8E07B2680AE}.Ad-Hoc|x86.Build.0 = Release|x86
		{1F4E317D-B27D-42AD-8853-E8E07B2680AE}.Ad-Hoc|x86.Deploy.0 = Release|x86
		{1F4E317D-B27D-42AD-8853-E8E07B2680AE}.AppStore|Any CPU.ActiveCfg = Release|x86
		{1F4E317D-B27D-42AD-8853-E8E07B2680AE}.AppStore|Any CPU.Build.0 = Release|x86
		{1F4E317D-B27D-42AD-8853-E8E07B2680AE}.AppStore|Any CPU.Deploy.0 = Release|x86
		{1F4E317D-B27D-42AD-8853-E8E07B2680AE}.AppStore|ARM.ActiveCfg = Release|ARM
		{1F4E317D-B27D-42AD-8853-E8E07B2680AE}.AppStore|ARM.Build.0 = Release|ARM
		{1F4E317D-B27D-42AD-8853-E8E07B2680AE}.AppStore|ARM.Deploy.0 = Release|ARM
		{1F4E317D-B27D-42AD-8853-E8E07B2680AE}.AppStore|iPhone.ActiveCfg = Release|x86
		{1F4E317D-B27D-42AD-8853-E8E07B2680AE}.AppStore|iPhone.Build.0 = Release|x86
		{1F4E317D-B27D-42AD-8853-E8E07B2680AE}.AppStore|iPhone.Deploy.0 = Release|x86
		{1F4E317D-B27D-42AD-8853-E8E07B2680AE}.AppStore|iPhoneSimulator.ActiveCfg = Release|x86
		{1F4E317D-B27D-42AD-8853-E8E07B2680AE}.AppStore|iPhoneSimulator.Build.0 = Release|x86
		{1F4E317D-B27D-42AD-8853-E8E07B2680AE}.AppStore|iPhoneSimulator.Deploy.0 = Release|x86
		{1F4E317D-B27D-42AD-8853-E8E07B2680AE}.AppStore|x64.ActiveCfg = Release|x64
		{1F4E317D-B27D-42AD-8853-E8E07B2680AE}.AppStore|x64.Build.0 = Release|x64
		{1F4E317D-B27D-42AD-8853-E8E07B2680AE}.AppStore|x64.Deploy.0 = Release|x64
		{1F4E317D-B27D-42AD-8853-E8E07B2680AE}.AppStore|x86.ActiveCfg = Release|x86
		{1F4E317D-B27D-42AD-8853-E8E07B2680AE}.AppStore|x86.Build.0 = Release|x86
		{1F4E317D-B27D-42AD-8853-E8E07B2680AE}.AppStore|x86.Deploy.0 = Release|x86
		{1F4E317D-B27D-42AD-8853-E8E07B2680AE}.Debug|Any CPU.ActiveCfg = Debug|x86
		{1F4E317D-B27D-42AD-8853-E8E07B2680AE}.Debug|Any CPU.Build.0 = Debug|x86
		{1F4E317D-B27D-42AD-8853-E8E07B2680AE}.Debug|Any CPU.Deploy.0 = Debug|x86
		{1F4E317D-B27D-42AD-8853-E8E07B2680AE}.Debug|ARM.ActiveCfg = Debug|ARM
		{1F4E317D-B27D-42AD-8853-E8E07B2680AE}.Debug|ARM.Build.0 = Debug|ARM
		{1F4E317D-B27D-42AD-8853-E8E07B2680AE}.Debug|ARM.Deploy.0 = Debug|ARM
		{1F4E317D-B27D-42AD-8853-E8E07B2680AE}.Debug|iPhone.ActiveCfg = Debug|x86
		{1F4E317D-B27D-42AD-8853-E8E07B2680AE}.Debug|iPhone.Build.0 = Debug|x86
		{1F4E317D-B27D-42AD-8853-E8E07B2680AE}.Debug|iPhone.Deploy.0 = Debug|x86
		{1F4E317D-B27D-42AD-8853-E8E07B2680AE}.Debug|iPhoneSimulator.ActiveCfg = Debug|x86
		{1F4E317D-B27D-42AD-8853-E8E07B2680AE}.Debug|iPhoneSimulator.Build.0 = Debug|x86
		{1F4E317D-B27D-42AD-8853-E8E07B2680AE}.Debug|iPhoneSimulator.Deploy.0 = Debug|x86
		{1F4E317D-B27D-42AD-8853-E8E07B2680AE}.Debug|x64.ActiveCfg = Debug|x64
		{1F4E317D-B27D-42AD-8853-E8E07B2680AE}.Debug|x64.Build.0 = Debug|x64
		{1F4E317D-B27D-42AD-8853-E8E07B2680AE}.Debug|x64.Deploy.0 = Debug|x64
		{1F4E317D-B27D-42AD-8853-E8E07B2680AE}.Debug|x86.ActiveCfg = Debug|x86
		{1F4E317D-B27D-42AD-8853-E8E07B2680AE}.Debug|x86.Build.0 = Debug|x86
		{1F4E317D-B27D-42AD-8853-E8E07B2680AE}.Debug|x86.Deploy.0 = Debug|x86
		{1F4E317D-B27D-42AD-8853-E8E07B2680AE}.Release|Any CPU.ActiveCfg = Release|x86
		{1F4E317D-B27D-42AD-8853-E8E07B2680AE}.Release|Any CPU.Build.0 = Release|x86
		{1F4E317D-B27D-42AD-8853-E8E07B2680AE}.Release|Any CPU.Deploy.0 = Release|x86
		{1F4E317D-B27D-42AD-8853-E8E07B2680AE}.Release|ARM.ActiveCfg = Release|ARM
		{1F4E317D-B27D-42AD-8853-E8E07B2680AE}.Release|ARM.Build.0 = Release|ARM
		{1F4E317D-B27D-42AD-8853-E8E07B2680AE}.Release|ARM.Deploy.0 = Release|ARM
		{1F4E317D-B27D-42AD-8853-E8E07B2680AE}.Release|iPhone.ActiveCfg = Release|x86
		{1F4E317D-B27D-42AD-8853-E8E07B2680AE}.Release|iPhone.Build.0 = Release|x86
		{1F4E317D-B27D-42AD-8853-E8E07B2680AE}.Release|iPhone.Deploy.0 = Release|x86
		{1F4E317D-B27D-42AD-8853-E8E07B2680AE}.Release|iPhoneSimulator.ActiveCfg = Release|x86
		{1F4E317D-B27D-42AD-8853-E8E07B2680AE}.Release|iPhoneSimulator.Build.0 = Release|x86
		{1F4E317D-B27D-42AD-8853-E8E07B2680AE}.Release|iPhoneSimulator.Deploy.0 = Release|x86
		{1F4E317D-B27D-42AD-8853-E8E07B2680AE}.Release|x64.ActiveCfg = Release|x64
		{1F4E317D-B27D-42AD-8853-E8E07B2680AE}.Release|x64.Build.0 = Release|x64
		{1F4E317D-B27D-42AD-8853-E8E07B2680AE}.Release|x64.Deploy.0 = Release|x64
		{1F4E317D-B27D-42AD-8853-E8E07B2680AE}.Release|x86.ActiveCfg = Release|x86
		{1F4E317D-B27D-42AD-8853-E8E07B2680AE}.Release|x86.Build.0 = Release|x86
		{1F4E317D-B27D-42AD-8853-E8E07B2680AE}.Release|x86.Deploy.0 = Release|x86
	EndGlobalSection
	GlobalSection(SolutionProperties) = preSolution
		HideSolutionNode = FALSE
	EndGlobalSection
	GlobalSection(ExtensibilityGlobals) = postSolution
		SolutionGuid = {C1641BA9-1E8E-4F6A-9350-A652979E3DEA}
	EndGlobalSection
EndGlobal
